
Microsoft Visual Studio Solution File, Format Version 12.00
# Visual Studio Version 17
VisualStudioVersion = 17.4.33213.308
MinimumVisualStudioVersion = 10.0.40219.1
Project("{FAE04EC0-301F-11D3-BF4B-00C04F79EFBC}") = "Povar", "Povar\Povar.csproj", "{94E49394-712E-4A5B-A2CD-6B6D65790BE2}"
EndProject
Global
	GlobalSection(SolutionConfigurationPlatforms) = preSolution
		Debug|Any CPU = Debug|Any CPU
		Release|Any CPU = Release|Any CPU
	EndGlobalSection
	GlobalSection(ProjectConfigurationPlatforms) = postSolution
		{94E49394-712E-4A5B-A2CD-6B6D65790BE2}.Debug|Any CPU.ActiveCfg = Debug|Any CPU
		{94E49394-712E-4A5B-A2CD-6B6D65790BE2}.Debug|Any CPU.Build.0 = Debug|Any CPU
		{94E49394-712E-4A5B-A2CD-6B6D65790BE2}.Release|Any CPU.ActiveCfg = Release|Any CPU
		{94E49394-712E-4A5B-A2CD-6B6D65790BE2}.Release|Any CPU.Build.0 = Release|Any CPU
	EndGlobalSection
	GlobalSection(SolutionProperties) = preSolution
		HideSolutionNode = FALSE
	EndGlobalSection
	GlobalSection(ExtensibilityGlobals) = postSolution
		SolutionGuid = {9F6E0B1A-0D77-426D-95CD-DC02058566E0}
	EndGlobalSection
EndGlobal
